
Microsoft Visual Studio Solution File, Format Version 12.00
# Visual Studio Version 16
VisualStudioVersion = 16.0.30517.126
MinimumVisualStudioVersion = 10.0.40219.1
Project("{FAE04EC0-301F-11D3-BF4B-00C04F79EFBC}") = "Lucky_ticket", "Lucky_ticket\Lucky_ticket.csproj", "{8B286C2E-5C36-411D-ADE8-699EBB931887}"
EndProject
Global
	GlobalSection(SolutionConfigurationPlatforms) = preSolution
		Debug|Any CPU = Debug|Any CPU
		Release|Any CPU = Release|Any CPU
	EndGlobalSection
	GlobalSection(ProjectConfigurationPlatforms) = postSolution
		{8B286C2E-5C36-411D-ADE8-699EBB931887}.Debug|Any CPU.ActiveCfg = Debug|Any CPU
		{8B286C2E-5C36-411D-ADE8-699EBB931887}.Debug|Any CPU.Build.0 = Debug|Any CPU
		{8B286C2E-5C36-411D-ADE8-699EBB931887}.Release|Any CPU.ActiveCfg = Release|Any CPU
		{8B286C2E-5C36-411D-ADE8-699EBB931887}.Release|Any CPU.Build.0 = Release|Any CPU
	EndGlobalSection
	GlobalSection(SolutionProperties) = preSolution
		HideSolutionNode = FALSE
	EndGlobalSection
	GlobalSection(ExtensibilityGlobals) = postSolution
		SolutionGuid = {D31097CD-190B-47CF-BA3D-A914FD7BB0EA}
	EndGlobalSection
EndGlobal
